<?xml version="1.0" encoding="utf-8"?>
<Project ToolsVersion="4.0" xmlns="http://schemas.microsoft.com/developer/msbuild/2003">
  <ItemGroup>
    <Filter Include="Source Files">
      <UniqueIdentifier>{4FC737F1-C7A5-4376-A066-2A32D752A2FF}</UniqueIdentifier>
      <Extensions>cpp;c;cc;cxx;def;odl;idl;hpj;bat;asm;asmx</Extensions>
    </Filter>
    <Filter Include="Header Files">
      <UniqueIdentifier>{93995380-89BD-4b04-88EB-625FBE52EBFB}</UniqueIdentifier>
      <Extensions>h;hh;hpp;hxx;hm;inl;inc;xsd</Extensions>
    </Filter>
    <Filter Include="Resource Files">
      <UniqueIdentifier>{67DA6AB6-F800-4c08-8B7A-83BB121AAD01}</UniqueIdentifier>
      <Extensions>rc;ico;cur;bmp;dlg;rc2;rct;bin;rgs;gif;jpg;jpeg;jpe;resx;tiff;tif;png;wav;mfcribbon-ms</Extensions>
    </Filter>
  </ItemGroup>
  <ItemGroup>
    <Text Include="ReadMe.txt" />
  </ItemGroup>
  <ItemGroup>
    <ClInclude Include="stdafx.h">
      <Filter>Header Files</Filter>
    </ClInclude>
    <ClInclude Include="targetver.h">
      <Filter>Header Files</Filter>
    </ClInclude>
    <ClInclude Include="functions.h">
      <Filter>Header Files</Filter>
    </ClInclude>
    <ClInclude Include="menu.h">
      <Filter>Header Files</Filter>
    </ClInclude>
    <ClInclude Include="linear.h">
      <Filter>Header Files</Filter>
    </ClInclude>
    <ClInclude Include="linkedlist.h">
      <Filter>Header Files</Filter>
    </ClInclude>
    <ClInclude Include="bubble.h">
      <Filter>Header Files</Filter>
    </ClInclude>
    <ClInclude Include="merge.h">
      <Filter>Header Files</Filter>
    </ClInclude>
  </ItemGroup>
  <ItemGroup>
    <ClCompile Include="stdafx.cpp">
      <Filter>Source Files</Filter>
    </ClCompile>
    <ClCompile Include="DS.cpp">
      <Filter>Source Files</Filter>
    </ClCompile>
    <ClCompile Include="functions.cpp">
      <Filter>Source Files</Filter>
    </ClCompile>
    <ClCompile Include="menu.cpp">
      <Filter>Source Files</Filter>
    </ClCompile>
    <ClCompile Include="linear.cpp">
      <Filter>Source Files</Filter>
    </ClCompile>
    <ClCompile Include="linkedlist.cpp">
      <Filter>Source Files</Filter>
    </ClCompile>
    <ClCompile Include="bubble.cpp">
      <Filter>Source Files</Filter>
    </ClCompile>
    <ClCompile Include="merge.cpp">
      <Filter>Source Files</Filter>
    </ClCompile>
  </ItemGroup>
  <ItemGroup>
    <None Include="ClassDiagram.cd" />
    <None Include="ClassDiagram1.cd" />
    <None Include="visualization\ThirdParty\test" />
    <None Include="visualization\ThirdParty\jquery-ui-1.8.11.custom.css" />
    <None Include="visualization\ThirdParty\jquery-ui-1.8.11.custom.min.js" />
    <None Include="visualization\ThirdParty\jquery-1.5.2.min.js" />
    <None Include="visualization\AnimationLibrary\AnimatedBTreeNode.js" />
    <None Include="visualization\AnimationLibrary\AnimatedCircle.js" />
    <None Include="visualization\AnimationLibrary\AnimatedLabel.js" />
    <None Include="visualization\AnimationLibrary\AnimatedLinkedList.js" />
    <None Include="visualization\AnimationLibrary\AnimatedObject.js" />
    <None Include="visualization\AnimationLibrary\AnimatedRectangle.js" />
    <None Include="visualization\AnimationLibrary\AnimationMain.js" />
    <None Include="visualization\AnimationLibrary\CustomEvents.js" />
    <None Include="visualization\AnimationLibrary\HighlightCircle.js" />
    <None Include="visualization\AnimationLibrary\Line.js" />
    <None Include="visualization\AnimationLibrary\ObjectManager.js" />
    <None Include="visualization\AnimationLibrary\UndoFunctions.js" />
    <None Include="visualization\AlgorithmLibrary\Algorithm.js" />
    <None Include="visualization\AlgorithmLibrary\ComparisonSort.js" />
    <None Include="visualization\AlgorithmLibrary\EventTest.js" />
    <None Include="visualization\AlgorithmLibrary\QueueArray.js" />
    <None Include="visualization\AlgorithmLibrary\QueueLL.js" />
    <None Include="visualization\AlgorithmLibrary\Search.js" />
    <None Include="visualization\AlgorithmLibrary\SimpleStack.js" />
    <None Include="visualization\AlgorithmLibrary\StackArray.js" />
    <None Include="visualization\AlgorithmLibrary\StackLL.js" />
    <None Include="visualization\Algorithms.html" />
    <None Include="visualization\ComparisonSort.html" />
    <None Include="visualization\QueueArray.html" />
    <None Include="visualization\QueueLL.html" />
    <None Include="visualization\Search.html" />
    <None Include="visualization\SimpleStack.html" />
    <None Include="visualization\StackArray.html" />
    <None Include="visualization\StackLL.html" />
    <None Include="visualization\visualizationPageStyle.css" />
    <None Include="visualization\visualPages.css" />
  </ItemGroup>
</Project>